// !$*UTF8*$!
{
	archiveVersion = 1;
	classes = {
	};
	objectVersion = 55;
	objects = {

/* Begin PBXBuildFile section */
		E82A9D8F2849EEC200FB0FE0 /* Personal.swift in Sources */ = {isa = PBXBuildFile; fileRef = E82A9D8E2849EEC200FB0FE0 /* Personal.swift */; };
		E82A9D992849F1EB00FB0FE0 /* MovieDataManager.swift in Sources */ = {isa = PBXBuildFile; fileRef = E82A9D982849F1EB00FB0FE0 /* MovieDataManager.swift */; };
		E849A8D1283DBCA3001BAA36 /* AppDelegate.swift in Sources */ = {isa = PBXBuildFile; fileRef = E849A8D0283DBCA3001BAA36 /* AppDelegate.swift */; };
		E849A8D3283DBCA3001BAA36 /* SceneDelegate.swift in Sources */ = {isa = PBXBuildFile; fileRef = E849A8D2283DBCA3001BAA36 /* SceneDelegate.swift */; };
		E849A8D5283DBCA3001BAA36 /* MainViewController.swift in Sources */ = {isa = PBXBuildFile; fileRef = E849A8D4283DBCA3001BAA36 /* MainViewController.swift */; };
		E849A8D8283DBCA3001BAA36 /* Main.storyboard in Resources */ = {isa = PBXBuildFile; fileRef = E849A8D6283DBCA3001BAA36 /* Main.storyboard */; };
		E849A8DA283DBCA4001BAA36 /* Assets.xcassets in Resources */ = {isa = PBXBuildFile; fileRef = E849A8D9283DBCA4001BAA36 /* Assets.xcassets */; };
		E849A8DD283DBCA4001BAA36 /* LaunchScreen.storyboard in Resources */ = {isa = PBXBuildFile; fileRef = E849A8DB283DBCA4001BAA36 /* LaunchScreen.storyboard */; };
		E849A8E5283DC22F001BAA36 /* MovieTableViewCell.swift in Sources */ = {isa = PBXBuildFile; fileRef = E849A8E4283DC22F001BAA36 /* MovieTableViewCell.swift */; };
		E849A8E9283DD1E4001BAA36 /* MovieData.swift in Sources */ = {isa = PBXBuildFile; fileRef = E849A8E8283DD1E4001BAA36 /* MovieData.swift */; };
/* End PBXBuildFile section */

/* Begin PBXFileReference section */
		E82A9D8E2849EEC200FB0FE0 /* Personal.swift */ = {isa = PBXFileReference; lastKnownFileType = sourcecode.swift; path = Personal.swift; sourceTree = "<group>"; };
		E82A9D982849F1EB00FB0FE0 /* MovieDataManager.swift */ = {isa = PBXFileReference; lastKnownFileType = sourcecode.swift; path = MovieDataManager.swift; sourceTree = "<group>"; };
		E849A8CD283DBCA3001BAA36 /* MovieYjw.app */ = {isa = PBXFileReference; explicitFileType = wrapper.application; includeInIndex = 0; path = MovieYjw.app; sourceTree = BUILT_PRODUCTS_DIR; };
		E849A8D0283DBCA3001BAA36 /* AppDelegate.swift */ = {isa = PBXFileReference; lastKnownFileType = sourcecode.swift; path = AppDelegate.swift; sourceTree = "<group>"; };
		E849A8D2283DBCA3001BAA36 /* SceneDelegate.swift */ = {isa = PBXFileReference; lastKnownFileType = sourcecode.swift; path = SceneDelegate.swift; sourceTree = "<group>"; };
		E849A8D4283DBCA3001BAA36 /* MainViewController.swift */ = {isa = PBXFileReference; lastKnownFileType = sourcecode.swift; path = MainViewController.swift; sourceTree = "<group>"; };
		E849A8D7283DBCA3001BAA36 /* Base */ = {isa = PBXFileReference; lastKnownFileType = file.storyboard; name = Base; path = Base.lproj/Main.storyboard; sourceTree = "<group>"; };
		E849A8D9283DBCA4001BAA36 /* Assets.xcassets */ = {isa = PBXFileReference; lastKnownFileType = folder.assetcatalog; path = Assets.xcassets; sourceTree = "<group>"; };
		E849A8DC283DBCA4001BAA36 /* Base */ = {isa = PBXFileReference; lastKnownFileType = file.storyboard; name = Base; path = Base.lproj/LaunchScreen.storyboard; sourceTree = "<group>"; };
		E849A8DE283DBCA4001BAA36 /* Info.plist */ = {isa = PBXFileReference; lastKnownFileType = text.plist.xml; name = Info.plist; path = MovieYjw/Application/Info.plist; sourceTree = SOURCE_ROOT; };
		E849A8E4283DC22F001BAA36 /* MovieTableViewCell.swift */ = {isa = PBXFileReference; lastKnownFileType = sourcecode.swift; path = MovieTableViewCell.swift; sourceTree = "<group>"; };
		E849A8E8283DD1E4001BAA36 /* MovieData.swift */ = {isa = PBXFileReference; lastKnownFileType = sourcecode.swift; path = MovieData.swift; sourceTree = "<group>"; };
/* End PBXFileReference section */

/* Begin PBXFrameworksBuildPhase section */
		E849A8CA283DBCA3001BAA36 /* Frameworks */ = {
			isa = PBXFrameworksBuildPhase;
			buildActionMask = 2147483647;
			files = (
			);
			runOnlyForDeploymentPostprocessing = 0;
		};
/* End PBXFrameworksBuildPhase section */

/* Begin PBXGroup section */
		E82A9D902849F02400FB0FE0 /* Application */ = {
			isa = PBXGroup;
			children = (
				E849A8D0283DBCA3001BAA36 /* AppDelegate.swift */,
				E849A8D2283DBCA3001BAA36 /* SceneDelegate.swift */,
				E849A8DE283DBCA4001BAA36 /* Info.plist */,
			);
			path = Application;
			sourceTree = "<group>";
		};
		E82A9D912849F03000FB0FE0 /* Data */ = {
			isa = PBXGroup;
			children = (
				E82A9D8E2849EEC200FB0FE0 /* Personal.swift */,
				E82A9D922849F03400FB0FE0 /* Movie */,
			);
			path = Data;
			sourceTree = "<group>";
		};
		E82A9D922849F03400FB0FE0 /* Movie */ = {
			isa = PBXGroup;
			children = (
				E849A8E8283DD1E4001BAA36 /* MovieData.swift */,
				E82A9D982849F1EB00FB0FE0 /* MovieDataManager.swift */,
			);
			path = Movie;
			sourceTree = "<group>";
		};
		E82A9D932849F04400FB0FE0 /* Storyboard */ = {
			isa = PBXGroup;
			children = (
				E849A8D6283DBCA3001BAA36 /* Main.storyboard */,
				E849A8DB283DBCA4001BAA36 /* LaunchScreen.storyboard */,
			);
			path = Storyboard;
			sourceTree = "<group>";
		};
		E82A9D942849F0F700FB0FE0 /* Resource */ = {
			isa = PBXGroup;
			children = (
				E849A8D9283DBCA4001BAA36 /* Assets.xcassets */,
			);
			path = Resource;
			sourceTree = "<group>";
		};
		E82A9D952849F12D00FB0FE0 /* ViewController */ = {
			isa = PBXGroup;
			children = (
				E849A8D4283DBCA3001BAA36 /* MainViewController.swift */,
			);
			path = ViewController;
			sourceTree = "<group>";
		};
		E82A9D962849F13F00FB0FE0 /* View */ = {
			isa = PBXGroup;
			children = (
				E849A8E4283DC22F001BAA36 /* MovieTableViewCell.swift */,
			);
			path = View;
			sourceTree = "<group>";
		};
		E849A8C4283DBCA2001BAA36 = {
			isa = PBXGroup;
			children = (
				E849A8CF283DBCA3001BAA36 /* MovieYjw */,
				E849A8CE283DBCA3001BAA36 /* Products */,
			);
			sourceTree = "<group>";
		};
		E849A8CE283DBCA3001BAA36 /* Products */ = {
			isa = PBXGroup;
			children = (
				E849A8CD283DBCA3001BAA36 /* MovieYjw.app */,
			);
			name = Products;
			sourceTree = "<group>";
		};
		E849A8CF283DBCA3001BAA36 /* MovieYjw */ = {
			isa = PBXGroup;
			children = (
				E82A9D902849F02400FB0FE0 /* Application */,
				E82A9D952849F12D00FB0FE0 /* ViewController */,
				E82A9D962849F13F00FB0FE0 /* View */,
				E82A9D932849F04400FB0FE0 /* Storyboard */,
				E82A9D912849F03000FB0FE0 /* Data */,
				E82A9D942849F0F700FB0FE0 /* Resource */,
			);
			path = MovieYjw;
			sourceTree = "<group>";
		};
/* End PBXGroup section */

/* Begin PBXNativeTarget section */
		E849A8CC283DBCA3001BAA36 /* MovieYjw */ = {
			isa = PBXNativeTarget;
			buildConfigurationList = E849A8E1283DBCA4001BAA36 /* Build configuration list for PBXNativeTarget "MovieYjw" */;
			buildPhases = (
				E849A8C9283DBCA3001BAA36 /* Sources */,
				E849A8CA283DBCA3001BAA36 /* Frameworks */,
				E849A8CB283DBCA3001BAA36 /* Resources */,
			);
			buildRules = (
			);
			dependencies = (
			);
			name = MovieYjw;
			productName = MovieYjw;
			productReference = E849A8CD283DBCA3001BAA36 /* MovieYjw.app */;
			productType = "com.apple.product-type.application";
		};
/* End PBXNativeTarget section */

/* Begin PBXProject section */
		E849A8C5283DBCA2001BAA36 /* Project object */ = {
			isa = PBXProject;
			attributes = {
				BuildIndependentTargetsInParallel = 1;
				LastSwiftUpdateCheck = 1330;
				LastUpgradeCheck = 1330;
				TargetAttributes = {
					E849A8CC283DBCA3001BAA36 = {
						CreatedOnToolsVersion = 13.3.1;
					};
				};
			};
			buildConfigurationList = E849A8C8283DBCA2001BAA36 /* Build configuration list for PBXProject "MovieYjw" */;
			compatibilityVersion = "Xcode 13.0";
			developmentRegion = en;
			hasScannedForEncodings = 0;
			knownRegions = (
				en,
				Base,
			);
			mainGroup = E849A8C4283DBCA2001BAA36;
			productRefGroup = E849A8CE283DBCA3001BAA36 /* Products */;
			projectDirPath = "";
			projectRoot = "";
			targets = (
				E849A8CC283DBCA3001BAA36 /* MovieYjw */,
			);
		};
/* End PBXProject section */

/* Begin PBXResourcesBuildPhase section */
		E849A8CB283DBCA3001BAA36 /* Resources */ = {
			isa = PBXResourcesBuildPhase;
			buildActionMask = 2147483647;
			files = (
				E849A8DD283DBCA4001BAA36 /* LaunchScreen.storyboard in Resources */,
				E849A8DA283DBCA4001BAA36 /* Assets.xcassets in Resources */,
				E849A8D8283DBCA3001BAA36 /* Main.storyboard in Resources */,
			);
			runOnlyForDeploymentPostprocessing = 0;
		};
/* End PBXResourcesBuildPhase section */

/* Begin PBXSourcesBuildPhase section */
		E849A8C9283DBCA3001BAA36 /* Sources */ = {
			isa = PBXSourcesBuildPhase;
			buildActionMask = 2147483647;
			files = (
				E849A8E9283DD1E4001BAA36 /* MovieData.swift in Sources */,
				E849A8E5283DC22F001BAA36 /* MovieTableViewCell.swift in Sources */,
				E849A8D5283DBCA3001BAA36 /* MainViewController.swift in Sources */,
				E849A8D1283DBCA3001BAA36 /* AppDelegate.swift in Sources */,
				E82A9D992849F1EB00FB0FE0 /* MovieDataManager.swift in Sources */,
				E849A8D3283DBCA3001BAA36 /* SceneDelegate.swift in Sources */,
				E82A9D8F2849EEC200FB0FE0 /* Personal.swift in Sources */,
			);
			runOnlyForDeploymentPostprocessing = 0;
		};
/* End PBXSourcesBuildPhase section */

/* Begin PBXVariantGroup section */
		E849A8D6283DBCA3001BAA36 /* Main.storyboard */ = {
			isa = PBXVariantGroup;
			children = (
				E849A8D7283DBCA3001BAA36 /* Base */,
			);
			name = Main.storyboard;
			sourceTree = "<group>";
		};
		E849A8DB283DBCA4001BAA36 /* LaunchScreen.storyboard */ = {
			isa = PBXVariantGroup;
			children = (
				E849A8DC283DBCA4001BAA36 /* Base */,
			);
			name = LaunchScreen.storyboard;
			sourceTree = "<group>";
		};
/* End PBXVariantGroup section */

/* Begin XCBuildConfiguration section */
		E849A8DF283DBCA4001BAA36 /* Debug */ = {
			isa = XCBuildConfiguration;
			buildSettings = {
				ALWAYS_SEARCH_USER_PATHS = NO;
				CLANG_ANALYZER_NONNULL = YES;
				CLANG_ANALYZER_NUMBER_OBJECT_CONVERSION = YES_AGGRESSIVE;
				CLANG_CXX_LANGUAGE_STANDARD = "gnu++17";
				CLANG_ENABLE_MODULES = YES;
				CLANG_ENABLE_OBJC_ARC = YES;
				CLANG_ENABLE_OBJC_WEAK = YES;
				CLANG_WARN_BLOCK_CAPTURE_AUTORELEASING = YES;
				CLANG_WARN_BOOL_CONVERSION = YES;
				CLANG_WARN_COMMA = YES;
				CLANG_WARN_CONSTANT_CONVERSION = YES;
				CLANG_WARN_DEPRECATED_OBJC_IMPLEMENTATIONS = YES;
				CLANG_WARN_DIRECT_OBJC_ISA_USAGE = YES_ERROR;
				CLANG_WARN_DOCUMENTATION_COMMENTS = YES;
				CLANG_WARN_EMPTY_BODY = YES;
				CLANG_WARN_ENUM_CONVERSION = YES;
				CLANG_WARN_INFINITE_RECURSION = YES;
				CLANG_WARN_INT_CONVERSION = YES;
				CLANG_WARN_NON_LITERAL_NULL_CONVERSION = YES;
				CLANG_WARN_OBJC_IMPLICIT_RETAIN_SELF = YES;
				CLANG_WARN_OBJC_LITERAL_CONVERSION = YES;
				CLANG_WARN_OBJC_ROOT_CLASS = YES_ERROR;
				CLANG_WARN_QUOTED_INCLUDE_IN_FRAMEWORK_HEADER = YES;
				CLANG_WARN_RANGE_LOOP_ANALYSIS = YES;
				CLANG_WARN_STRICT_PROTOTYPES = YES;
				CLANG_WARN_SUSPICIOUS_MOVE = YES;
				CLANG_WARN_UNGUARDED_AVAILABILITY = YES_AGGRESSIVE;
				CLANG_WARN_UNREACHABLE_CODE = YES;
				CLANG_WARN__DUPLICATE_METHOD_MATCH = YES;
				COPY_PHASE_STRIP = NO;
				DEBUG_INFORMATION_FORMAT = dwarf;
				ENABLE_STRICT_OBJC_MSGSEND = YES;
				ENABLE_TESTABILITY = YES;
				GCC_C_LANGUAGE_STANDARD = gnu11;
				GCC_DYNAMIC_NO_PIC = NO;
				GCC_NO_COMMON_BLOCKS = YES;
				GCC_OPTIMIZATION_LEVEL = 0;
				GCC_PREPROCESSOR_DEFINITIONS = (
					"DEBUG=1",
					"$(inherited)",
				);
				GCC_WARN_64_TO_32_BIT_CONVERSION = YES;
				GCC_WARN_ABOUT_RETURN_TYPE = YES_ERROR;
				GCC_WARN_UNDECLARED_SELECTOR = YES;
				GCC_WARN_UNINITIALIZED_AUTOS = YES_AGGRESSIVE;
				GCC_WARN_UNUSED_FUNCTION = YES;
				GCC_WARN_UNUSED_VARIABLE = YES;
				INFOPLIST_FILE = "";
				IPHONEOS_DEPLOYMENT_TARGET = 15.0;
				MTL_ENABLE_DEBUG_INFO = INCLUDE_SOURCE;
				MTL_FAST_MATH = YES;
				ONLY_ACTIVE_ARCH = YES;
				SDKROOT = iphoneos;
				SWIFT_ACTIVE_COMPILATION_CONDITIONS = DEBUG;
				SWIFT_OPTIMIZATION_LEVEL = "-Onone";
			};
			name = Debug;
		};
		E849A8E0283DBCA4001BAA36 /* Release */ = {
			isa = XCBuildConfiguration;
			buildSettings = {
				ALWAYS_SEARCH_USER_PATHS = NO;
				CLANG_ANALYZER_NONNULL = YES;
				CLANG_ANALYZER_NUMBER_OBJECT_CONVERSION = YES_AGGRESSIVE;
				CLANG_CXX_LANGUAGE_STANDARD = "gnu++17";
				CLANG_ENABLE_MODULES = YES;
				CLANG_ENABLE_OBJC_ARC = YES;
				CLANG_ENABLE_OBJC_WEAK = YES;
				CLANG_WARN_BLOCK_CAPTURE_AUTORELEASING = YES;
				CLANG_WARN_BOOL_CONVERSION = YES;
				CLANG_WARN_COMMA = YES;
				CLANG_WARN_CONSTANT_CONVERSION = YES;
				CLANG_WARN_DEPRECATED_OBJC_IMPLEMENTATIONS = YES;
				CLANG_WARN_DIRECT_OBJC_ISA_USAGE = YES_ERROR;
				CLANG_WARN_DOCUMENTATION_COMMENTS = YES;
				CLANG_WARN_EMPTY_BODY = YES;
				CLANG_WARN_ENUM_CONVERSION = YES;
				CLANG_WARN_INFINITE_RECURSION = YES;
				CLANG_WARN_INT_CONVERSION = YES;
				CLANG_WARN_NON_LITERAL_NULL_CONVERSION = YES;
				CLANG_WARN_OBJC_IMPLICIT_RETAIN_SELF = YES;
				CLANG_WARN_OBJC_LITERAL_CONVERSION = YES;
				CLANG_WARN_OBJC_ROOT_CLASS = YES_ERROR;
				CLANG_WARN_QUOTED_INCLUDE_IN_FRAMEWORK_HEADER = YES;
				CLANG_WARN_RANGE_LOOP_ANALYSIS = YES;
				CLANG_WARN_STRICT_PROTOTYPES = YES;
				CLANG_WARN_SUSPICIOUS_MOVE = YES;
				CLANG_WARN_UNGUARDED_AVAILABILITY = YES_AGGRESSIVE;
				CLANG_WARN_UNREACHABLE_CODE = YES;
				CLANG_WARN__DUPLICATE_METHOD_MATCH = YES;
				COPY_PHASE_STRIP = NO;
				DEBUG_INFORMATION_FORMAT = "dwarf-with-dsym";
				ENABLE_NS_ASSERTIONS = NO;
				ENABLE_STRICT_OBJC_MSGSEND = YES;
				GCC_C_LANGUAGE_STANDARD = gnu11;
				GCC_NO_COMMON_BLOCKS = YES;
				GCC_WARN_64_TO_32_BIT_CONVERSION = YES;
				GCC_WARN_ABOUT_RETURN_TYPE = YES_ERROR;
				GCC_WARN_UNDECLARED_SELECTOR = YES;
				GCC_WARN_UNINITIALIZED_AUTOS = YES_AGGRESSIVE;
				GCC_WARN_UNUSED_FUNCTION = YES;
				GCC_WARN_UNUSED_VARIABLE = YES;
				INFOPLIST_FILE = "";
				IPHONEOS_DEPLOYMENT_TARGET = 15.0;
				MTL_ENABLE_DEBUG_INFO = NO;
				MTL_FAST_MATH = YES;
				SDKROOT = iphoneos;
				SWIFT_COMPILATION_MODE = wholemodule;
				SWIFT_OPTIMIZATION_LEVEL = "-O";
				VALIDATE_PRODUCT = YES;
			};
			name = Release;
		};
		E849A8E2283DBCA4001BAA36 /* Debug */ = {
			isa = XCBuildConfiguration;
			buildSettings = {
				ASSETCATALOG_COMPILER_APPICON_NAME = AppIcon;
				ASSETCATALOG_COMPILER_GLOBAL_ACCENT_COLOR_NAME = AccentColor;
				CODE_SIGN_STYLE = Automatic;
				CURRENT_PROJECT_VERSION = 1;
				DEVELOPMENT_TEAM = 2AVC8X7323;
				GENERATE_INFOPLIST_FILE = YES;
				INFOPLIST_FILE = MovieYjw/Application/Info.plist;
				INFOPLIST_KEY_UIApplicationSupportsIndirectInputEvents = YES;
				INFOPLIST_KEY_UILaunchStoryboardName = LaunchScreen;
				INFOPLIST_KEY_UIMainStoryboardFile = Main;
				INFOPLIST_KEY_UISupportedInterfaceOrientations = UIInterfaceOrientationPortrait;
				INFOPLIST_KEY_UISupportedInterfaceOrientations_iPad = "UIInterfaceOrientationPortrait UIInterfaceOrientationPortraitUpsideDown UIInterfaceOrientationLandscapeLeft UIInterfaceOrientationLandscapeRight";
				INFOPLIST_KEY_UISupportedInterfaceOrientations_iPhone = "UIInterfaceOrientationPortrait UIInterfaceOrientationLandscapeLeft UIInterfaceOrientationLandscapeRight";
				IPHONEOS_DEPLOYMENT_TARGET = 15.0;
				LD_RUNPATH_SEARCH_PATHS = (
					"$(inherited)",
					"@executable_path/Frameworks",
				);
				MARKETING_VERSION = 1.0;
				PRODUCT_BUNDLE_IDENTIFIER = kr.ac.induk.yjw.MovieYjw;
				PRODUCT_NAME = "$(TARGET_NAME)";
				SWIFT_EMIT_LOC_STRINGS = YES;
				SWIFT_VERSION = 5.0;
				TARGETED_DEVICE_FAMILY = "1,2";
			};
			name = Debug;
		};
		E849A8E3283DBCA4001BAA36 /* Release */ = {
			isa = XCBuildConfiguration;
			buildSettings = {
				ASSETCATALOG_COMPILER_APPICON_NAME = AppIcon;
				ASSETCATALOG_COMPILER_GLOBAL_ACCENT_COLOR_NAME = AccentColor;
				CODE_SIGN_STYLE = Automatic;
				CURRENT_PROJECT_VERSION = 1;
				DEVELOPMENT_TEAM = 2AVC8X7323;
				GENERATE_INFOPLIST_FILE = YES;
				INFOPLIST_FILE = MovieYjw/Application/Info.plist;
				INFOPLIST_KEY_UIApplicationSupportsIndirectInputEvents = YES;
				INFOPLIST_KEY_UILaunchStoryboardName = LaunchScreen;
				INFOPLIST_KEY_UIMainStoryboardFile = Main;
				INFOPLIST_KEY_UISupportedInterfaceOrientations = UIInterfaceOrientationPortrait;
				INFOPLIST_KEY_UISupportedInterfaceOrientations_iPad = "UIInterfaceOrientationPortrait UIInterfaceOrientationPortraitUpsideDown UIInterfaceOrientationLandscapeLeft UIInterfaceOrientationLandscapeRight";
				INFOPLIST_KEY_UISupportedInterfaceOrientations_iPhone = "UIInterfaceOrientationPortrait UIInterfaceOrientationLandscapeLeft UIInterfaceOrientationLandscapeRight";
				IPHONEOS_DEPLOYMENT_TARGET = 15.0;
				LD_RUNPATH_SEARCH_PATHS = (
					"$(inherited)",
					"@executable_path/Frameworks",
				);
				MARKETING_VERSION = 1.0;
				PRODUCT_BUNDLE_IDENTIFIER = kr.ac.induk.yjw.MovieYjw;
				PRODUCT_NAME = "$(TARGET_NAME)";
				SWIFT_EMIT_LOC_STRINGS = YES;
				SWIFT_VERSION = 5.0;
				TARGETED_DEVICE_FAMILY = "1,2";
			};
			name = Release;
		};
/* End XCBuildConfiguration section */

/* Begin XCConfigurationList section */
		E849A8C8283DBCA2001BAA36 /* Build configuration list for PBXProject "MovieYjw" */ = {
			isa = XCConfigurationList;
			buildConfigurations = (
				E849A8DF283DBCA4001BAA36 /* Debug */,
				E849A8E0283DBCA4001BAA36 /* Release */,
			);
			defaultConfigurationIsVisible = 0;
			defaultConfigurationName = Release;
		};
		E849A8E1283DBCA4001BAA36 /* Build configuration list for PBXNativeTarget "MovieYjw" */ = {
			isa = XCConfigurationList;
			buildConfigurations = (
				E849A8E2283DBCA4001BAA36 /* Debug */,
				E849A8E3283DBCA4001BAA36 /* Release */,
			);
			defaultConfigurationIsVisible = 0;
			defaultConfigurationName = Release;
		};
/* End XCConfigurationList section */
	};
	rootObject = E849A8C5283DBCA2001BAA36 /* Project object */;
}
